{
  "name": "standalone_waveform_visualizer",
  "version": "0.0.0",
  "lockfileVersion": 1,
  "requires": true,
  "dependencies": {
    "decibels": {
      "version": "2.0.0",
      "resolved": "https://registry.npmjs.org/decibels/-/decibels-2.0.0.tgz",
      "integrity": "sha1-DQZFdDGbJjwYeMXv+5rScmEKfo0="
    },
    "fourier-transform": {
      "version": "1.1.2",
      "resolved": "https://registry.npmjs.org/fourier-transform/-/fourier-transform-1.1.2.tgz",
      "integrity": "sha1-U5J876hpWOsf0hSK9GxtP8Xnm2Q="
    }
  }
}
